
Microsoft Visual Studio Solution File, Format Version 12.00
# Visual Studio 15
VisualStudioVersion = 15.0.28307.106
MinimumVisualStudioVersion = 10.0.40219.1
Project("{FAE04EC0-301F-11D3-BF4B-00C04F79EFBC}") = "TemaRNG", "TemaRNG\TemaRNG.csproj", "{A3A0E825-159A-4205-AE84-91E8D8F110CC}"
EndProject
Global
	GlobalSection(SolutionConfigurationPlatforms) = preSolution
		Debug|Any CPU = Debug|Any CPU
		Release|Any CPU = Release|Any CPU
	EndGlobalSection
	GlobalSection(ProjectConfigurationPlatforms) = postSolution
		{A3A0E825-159A-4205-AE84-91E8D8F110CC}.Debug|Any CPU.ActiveCfg = Debug|Any CPU
		{A3A0E825-159A-4205-AE84-91E8D8F110CC}.Debug|Any CPU.Build.0 = Debug|Any CPU
		{A3A0E825-159A-4205-AE84-91E8D8F110CC}.Release|Any CPU.ActiveCfg = Release|Any CPU
		{A3A0E825-159A-4205-AE84-91E8D8F110CC}.Release|Any CPU.Build.0 = Release|Any CPU
	EndGlobalSection
	GlobalSection(SolutionProperties) = preSolution
		HideSolutionNode = FALSE
	EndGlobalSection
	GlobalSection(ExtensibilityGlobals) = postSolution
		SolutionGuid = {A14BC2C5-D160-4A63-A358-24F89E36EAD1}
	EndGlobalSection
EndGlobal
